# This file is autogenerated, do not edit; changes may be undone by the next 'dep ensure'.


[[projects]]
  name = "github.com/bwmarrin/discordgo"
  packages = ["."]
  revision = "2fda7ce223a66a5b70b66987c22c3c94d022ee66"
  version = "v0.17.0"

[[projects]]
  name = "github.com/gorilla/websocket"
  packages = ["."]
  revision = "ea4d1f681babbce9545c9c5f3d5194a789c89f5b"
  version = "v1.2.0"

[[projects]]
  branch = "master"
  name = "golang.org/x/crypto"
  packages = ["nacl/secretbox","poly1305","salsa20/salsa"]
  revision = "b176d7def5d71bdd214203491f89843ed217f420"

[solve-meta]
  analyzer-name = "dep"
  analyzer-version = 1
  inputs-digest = "93bb33f2137b28cbe7a26b412b2de8945d8803847dda718499775b08bba59a30"
  solver-name = "gps-cdcl"
  solver-version = 1
